Microsoft Visual Studio Solution File, Format Version 11.00
# Visual Studio 2008

Project("{6440E4B7-C7A1-CEA9-FB7D-B1D17735929D}") = "Lets Try Game Dev", "Assembly-CSharp-firstpass.csproj", "{87D8501F-4A2A-89AB-924D-B8D8438E8E5E}"
EndProject
Project("{6440E4B7-C7A1-CEA9-FB7D-B1D17735929D}") = "Lets Try Game Dev", "Assembly-CSharp.csproj", "{22A60BDD-61A4-E8A9-7E05-39E8A49CB699}"
EndProject
Project("{6440E4B7-C7A1-CEA9-FB7D-B1D17735929D}") = "Lets Try Game Dev", "Assembly-CSharp-Editor-firstpass.csproj", "{003CA34B-1ADB-B141-0E3C-2F31CE863E82}"
EndProject
Global
	GlobalSection(SolutionConfigurationPlatforms) = preSolution
		Debug|Any CPU = Debug|Any CPU
		Release|Any CPU = Release|Any CPU
	EndGlobalSection
	GlobalSection(ProjectConfigurationPlatforms) = postSolution
		{87D8501F-4A2A-89AB-924D-B8D8438E8E5E}.Debug|Any CPU.ActiveCfg = Debug|Any CPU
		{87D8501F-4A2A-89AB-924D-B8D8438E8E5E}.Debug|Any CPU.Build.0 = Debug|Any CPU
		{87D8501F-4A2A-89AB-924D-B8D8438E8E5E}.Release|Any CPU.ActiveCfg = Release|Any CPU
		{87D8501F-4A2A-89AB-924D-B8D8438E8E5E}.Release|Any CPU.Build.0 = Release|Any CPU
		{22A60BDD-61A4-E8A9-7E05-39E8A49CB699}.Debug|Any CPU.ActiveCfg = Debug|Any CPU
		{22A60BDD-61A4-E8A9-7E05-39E8A49CB699}.Debug|Any CPU.Build.0 = Debug|Any CPU
		{22A60BDD-61A4-E8A9-7E05-39E8A49CB699}.Release|Any CPU.ActiveCfg = Release|Any CPU
		{22A60BDD-61A4-E8A9-7E05-39E8A49CB699}.Release|Any CPU.Build.0 = Release|Any CPU
		{003CA34B-1ADB-B141-0E3C-2F31CE863E82}.Debug|Any CPU.ActiveCfg = Debug|Any CPU
		{003CA34B-1ADB-B141-0E3C-2F31CE863E82}.Debug|Any CPU.Build.0 = Debug|Any CPU
		{003CA34B-1ADB-B141-0E3C-2F31CE863E82}.Release|Any CPU.ActiveCfg = Release|Any CPU
		{003CA34B-1ADB-B141-0E3C-2F31CE863E82}.Release|Any CPU.Build.0 = Release|Any CPU
	EndGlobalSection
	GlobalSection(SolutionProperties) = preSolution
		HideSolutionNode = FALSE
	EndGlobalSection
	GlobalSection(MonoDevelopProperties) = preSolution
		StartupItem = Assembly-CSharp.csproj
	EndGlobalSection
EndGlobal
